
Microsoft Visual Studio Solution File, Format Version 12.00
# Visual Studio Version 17
VisualStudioVersion = 17.4.33403.182
MinimumVisualStudioVersion = 10.0.40219.1
Project("{FAE04EC0-301F-11D3-BF4B-00C04F79EFBC}") = "SimpleCalculator", "SimpleCalculator\SimpleCalculator.csproj", "{A6A8C343-0E94-43D7-BB78-1F66D057A3C5}"
EndProject
Global
	GlobalSection(SolutionConfigurationPlatforms) = preSolution
		Debug|Any CPU = Debug|Any CPU
		Release|Any CPU = Release|Any CPU
	EndGlobalSection
	GlobalSection(ProjectConfigurationPlatforms) = postSolution
		{A6A8C343-0E94-43D7-BB78-1F66D057A3C5}.Debug|Any CPU.ActiveCfg = Debug|Any CPU
		{A6A8C343-0E94-43D7-BB78-1F66D057A3C5}.Debug|Any CPU.Build.0 = Debug|Any CPU
		{A6A8C343-0E94-43D7-BB78-1F66D057A3C5}.Release|Any CPU.ActiveCfg = Release|Any CPU
		{A6A8C343-0E94-43D7-BB78-1F66D057A3C5}.Release|Any CPU.Build.0 = Release|Any CPU
	EndGlobalSection
	GlobalSection(SolutionProperties) = preSolution
		HideSolutionNode = FALSE
	EndGlobalSection
	GlobalSection(ExtensibilityGlobals) = postSolution
		SolutionGuid = {EB3517A8-C3C4-44F5-A675-166C5484BCFE}
	EndGlobalSection
EndGlobal
